
Microsoft Visual Studio Solution File, Format Version 12.00
# Visual Studio Version 16
VisualStudioVersion = 16.0.30907.101
MinimumVisualStudioVersion = 10.0.40219.1
Project("{FAE04EC0-301F-11D3-BF4B-00C04F79EFBC}") = "WebApplication1", "WebApplication1\WebApplication1.csproj", "{5F7944FA-C774-4F76-93B1-A2646109A3D4}"
EndProject
Project("{2150E333-8FDC-42A3-9474-1A3956D46DE8}") = "Solution Items", "Solution Items", "{00AF986B-C80B-4F66-A503-FE86BF1A7624}"
	ProjectSection(SolutionItems) = preProject
		.editorconfig = .editorconfig
	EndProjectSection
EndProject
Global
	GlobalSection(SolutionConfigurationPlatforms) = preSolution
		Debug|Any CPU = Debug|Any CPU
		Release|Any CPU = Release|Any CPU
	EndGlobalSection
	GlobalSection(ProjectConfigurationPlatforms) = postSolution
		{5F7944FA-C774-4F76-93B1-A2646109A3D4}.Debug|Any CPU.ActiveCfg = Debug|Any CPU
		{5F7944FA-C774-4F76-93B1-A2646109A3D4}.Debug|Any CPU.Build.0 = Debug|Any CPU
		{5F7944FA-C774-4F76-93B1-A2646109A3D4}.Release|Any CPU.ActiveCfg = Release|Any CPU
		{5F7944FA-C774-4F76-93B1-A2646109A3D4}.Release|Any CPU.Build.0 = Release|Any CPU
	EndGlobalSection
	GlobalSection(SolutionProperties) = preSolution
		HideSolutionNode = FALSE
	EndGlobalSection
	GlobalSection(ExtensibilityGlobals) = postSolution
		SolutionGuid = {7BC59DC4-1516-4E32-AD30-5770E527DDED}
	EndGlobalSection
EndGlobal
